<?xml version="1.0" encoding="utf-8"?>
<Project ToolsVersion="4.0" xmlns="http://schemas.microsoft.com/developer/msbuild/2003">
  <ItemGroup>
    <Filter Include="Core">
      <UniqueIdentifier>{ebf9c5d7-8d55-466c-91cb-8e5175b0bcc2}</UniqueIdentifier>
    </Filter>
    <Filter Include="Wnd">
      <UniqueIdentifier>{d711d68b-3559-481c-9f60-c8280a6b9326}</UniqueIdentifier>
    </Filter>
    <Filter Include="Entry">
      <UniqueIdentifier>{4FC737F1-C7A5-4376-A066-2A32D752A2FF}</UniqueIdentifier>
      <Extensions>cpp;c;cc;cxx;def;odl;idl;hpj;bat;asm;asmx</Extensions>
    </Filter>
  </ItemGroup>
  <ItemGroup>
    <ClCompile Include="Main.cpp">
      <Filter>Entry</Filter>
    </ClCompile>
    <ClCompile Include="PCH.cpp">
      <Filter>Entry</Filter>
    </ClCompile>
    <ClCompile Include="Core\Log.cpp">
      <Filter>Core</Filter>
    </ClCompile>
    <ClCompile Include="Wnd\WndFrame.cpp">
      <Filter>Wnd</Filter>
    </ClCompile>
    <ClCompile Include="Wnd\Wnd.cpp">
      <Filter>Wnd</Filter>
    </ClCompile>
    <ClCompile Include="Core\Timer.cpp">
      <Filter>Entry</Filter>
    </ClCompile>
    <ClCompile Include="Graphics\DX11ContextExt.cpp">
      <Filter>Entry</Filter>
    </ClCompile>
    <ClCompile Include="Scene\TriangleScene.cpp">
      <Filter>Entry</Filter>
    </ClCompile>
    <ClCompile Include="Graphics\Context.cpp">
      <Filter>Entry</Filter>
    </ClCompile>
    <ClCompile Include="Graphics\DX11_1Context.cpp">
      <Filter>Entry</Filter>
    </ClCompile>
    <ClCompile Include="Graphics\DX11Context.cpp">
      <Filter>Entry</Filter>
    </ClCompile>
  </ItemGroup>
  <ItemGroup>
    <ClInclude Include="PCH.h">
      <Filter>Entry</Filter>
    </ClInclude>
    <ClInclude Include="Core\Log.h">
      <Filter>Core</Filter>
    </ClInclude>
    <ClInclude Include="Core\Singleton.h">
      <Filter>Core</Filter>
    </ClInclude>
    <ClInclude Include="Wnd\WndFrame.h">
      <Filter>Wnd</Filter>
    </ClInclude>
    <ClInclude Include="Wnd\Wnd.h">
      <Filter>Wnd</Filter>
    </ClInclude>
    <ClInclude Include="Core\Type.h">
      <Filter>Core</Filter>
    </ClInclude>
    <ClInclude Include="Graphics\DX11Config.h" />
    <ClInclude Include="Core\Timer.h" />
    <ClInclude Include="Graphics\DX11ContextExt.h" />
    <ClInclude Include="Graphics\Context.h" />
    <ClInclude Include="Scene\Scene.h" />
    <ClInclude Include="Scene\TriangleScene.h" />
    <ClInclude Include="Graphics\DX11_1Context.h" />
    <ClInclude Include="Graphics\DX11Context.h" />
  </ItemGroup>
</Project>